
Microsoft Visual Studio Solution File, Format Version 12.00
# Visual Studio Version 17
VisualStudioVersion = 17.4.33403.182
MinimumVisualStudioVersion = 10.0.40219.1
Project("{FAE04EC0-301F-11D3-BF4B-00C04F79EFBC}") = "Strength", "Strength\Strength.csproj", "{D9E2FFA7-3CC7-4BBD-B0C5-B0403D379DD9}"
EndProject
Global
	GlobalSection(SolutionConfigurationPlatforms) = preSolution
		Debug|Any CPU = Debug|Any CPU
		Release|Any CPU = Release|Any CPU
	EndGlobalSection
	GlobalSection(ProjectConfigurationPlatforms) = postSolution
		{D9E2FFA7-3CC7-4BBD-B0C5-B0403D379DD9}.Debug|Any CPU.ActiveCfg = Debug|Any CPU
		{D9E2FFA7-3CC7-4BBD-B0C5-B0403D379DD9}.Debug|Any CPU.Build.0 = Debug|Any CPU
		{D9E2FFA7-3CC7-4BBD-B0C5-B0403D379DD9}.Release|Any CPU.ActiveCfg = Release|Any CPU
		{D9E2FFA7-3CC7-4BBD-B0C5-B0403D379DD9}.Release|Any CPU.Build.0 = Release|Any CPU
	EndGlobalSection
	GlobalSection(SolutionProperties) = preSolution
		HideSolutionNode = FALSE
	EndGlobalSection
	GlobalSection(ExtensibilityGlobals) = postSolution
		SolutionGuid = {557CD44A-2ACA-4E0D-B962-5B22120AD0E9}
	EndGlobalSection
EndGlobal
