
Microsoft Visual Studio Solution File, Format Version 12.00
# Visual Studio Version 17
VisualStudioVersion = 17.3.32929.385
MinimumVisualStudioVersion = 10.0.40219.1
Project("{FAE04EC0-301F-11D3-BF4B-00C04F79EFBC}") = "Strength", "Strength\Strength.csproj", "{B4BB9E57-6865-4210-99DC-C876A303539D}"
EndProject
Global
	GlobalSection(SolutionConfigurationPlatforms) = preSolution
		Debug|Any CPU = Debug|Any CPU
		Release|Any CPU = Release|Any CPU
	EndGlobalSection
	GlobalSection(ProjectConfigurationPlatforms) = postSolution
		{B4BB9E57-6865-4210-99DC-C876A303539D}.Debug|Any CPU.ActiveCfg = Debug|Any CPU
		{B4BB9E57-6865-4210-99DC-C876A303539D}.Debug|Any CPU.Build.0 = Debug|Any CPU
		{B4BB9E57-6865-4210-99DC-C876A303539D}.Release|Any CPU.ActiveCfg = Release|Any CPU
		{B4BB9E57-6865-4210-99DC-C876A303539D}.Release|Any CPU.Build.0 = Release|Any CPU
	EndGlobalSection
	GlobalSection(SolutionProperties) = preSolution
		HideSolutionNode = FALSE
	EndGlobalSection
	GlobalSection(ExtensibilityGlobals) = postSolution
		SolutionGuid = {8C478E4A-7F43-4998-9D77-E1C494E939D4}
	EndGlobalSection
EndGlobal
